
Microsoft Visual Studio Solution File, Format Version 12.00
# Visual Studio Version 17
VisualStudioVersion = 17.0.31903.59
MinimumVisualStudioVersion = 10.0.40219.1
Project("{2150E333-8FDC-42A3-9474-1A3956D46DE8}") = "src", "src", "{68A7ADE9-2B48-489F-9E3D-45F0BDF82449}"
EndProject
Project("{FAE04EC0-301F-11D3-BF4B-00C04F79EFBC}") = "SuggestionApp.UI", "src\SuggestionApp.UI\SuggestionApp.UI.csproj", "{D72F3357-BAB0-49AB-BBF0-41E85C8FA4AC}"
EndProject
Project("{FAE04EC0-301F-11D3-BF4B-00C04F79EFBC}") = "SuggestionApp.Repository", "src\SuggestionApp.Repository\SuggestionApp.Repository.csproj", "{28ACF8F0-746D-4D09-8E66-723CD48A2807}"
EndProject
Project("{FAE04EC0-301F-11D3-BF4B-00C04F79EFBC}") = "SuggestionApp.Core", "src\SuggestionApp.Core\SuggestionApp.Core.csproj", "{07E9318F-42A8-4299-A728-2642FA10A923}"
EndProject
Global
	GlobalSection(SolutionConfigurationPlatforms) = preSolution
		Debug|Any CPU = Debug|Any CPU
		Release|Any CPU = Release|Any CPU
	EndGlobalSection
	GlobalSection(SolutionProperties) = preSolution
		HideSolutionNode = FALSE
	EndGlobalSection
	GlobalSection(ProjectConfigurationPlatforms) = postSolution
		{D72F3357-BAB0-49AB-BBF0-41E85C8FA4AC}.Debug|Any CPU.ActiveCfg = Debug|Any CPU
		{D72F3357-BAB0-49AB-BBF0-41E85C8FA4AC}.Debug|Any CPU.Build.0 = Debug|Any CPU
		{D72F3357-BAB0-49AB-BBF0-41E85C8FA4AC}.Release|Any CPU.ActiveCfg = Release|Any CPU
		{D72F3357-BAB0-49AB-BBF0-41E85C8FA4AC}.Release|Any CPU.Build.0 = Release|Any CPU
		{28ACF8F0-746D-4D09-8E66-723CD48A2807}.Debug|Any CPU.ActiveCfg = Debug|Any CPU
		{28ACF8F0-746D-4D09-8E66-723CD48A2807}.Debug|Any CPU.Build.0 = Debug|Any CPU
		{28ACF8F0-746D-4D09-8E66-723CD48A2807}.Release|Any CPU.ActiveCfg = Release|Any CPU
		{28ACF8F0-746D-4D09-8E66-723CD48A2807}.Release|Any CPU.Build.0 = Release|Any CPU
		{07E9318F-42A8-4299-A728-2642FA10A923}.Debug|Any CPU.ActiveCfg = Debug|Any CPU
		{07E9318F-42A8-4299-A728-2642FA10A923}.Debug|Any CPU.Build.0 = Debug|Any CPU
		{07E9318F-42A8-4299-A728-2642FA10A923}.Release|Any CPU.ActiveCfg = Release|Any CPU
		{07E9318F-42A8-4299-A728-2642FA10A923}.Release|Any CPU.Build.0 = Release|Any CPU
	EndGlobalSection
	GlobalSection(NestedProjects) = preSolution
		{D72F3357-BAB0-49AB-BBF0-41E85C8FA4AC} = {68A7ADE9-2B48-489F-9E3D-45F0BDF82449}
		{28ACF8F0-746D-4D09-8E66-723CD48A2807} = {68A7ADE9-2B48-489F-9E3D-45F0BDF82449}
		{07E9318F-42A8-4299-A728-2642FA10A923} = {68A7ADE9-2B48-489F-9E3D-45F0BDF82449}
	EndGlobalSection
EndGlobal
